
Microsoft Visual Studio Solution File, Format Version 12.00
# Visual Studio 2013
VisualStudioVersion = 12.0.21005.1
MinimumVisualStudioVersion = 10.0.40219.1
Project("{FAE04EC0-301F-11D3-BF4B-00C04F79EFBC}") = "EventsApp", "EventsApp\EventsApp.csproj", "{077CC5FB-7003-415B-8686-D68269F8C902}"
EndProject
Project("{FAE04EC0-301F-11D3-BF4B-00C04F79EFBC}") = "EventApp.Data", "EventApp.Data\EventApp.Data.csproj", "{F6C58C9F-ABDF-4194-A14B-9F5428C18115}"
EndProject
Project("{FAE04EC0-301F-11D3-BF4B-00C04F79EFBC}") = "EventApp.Business", "EventApp.Business\EventApp.Business.csproj", "{B828BCAA-D0A2-466F-918C-6DDE21A5842A}"
EndProject
Global
	GlobalSection(SolutionConfigurationPlatforms) = preSolution
		Debug|Any CPU = Debug|Any CPU
		Release|Any CPU = Release|Any CPU
	EndGlobalSection
	GlobalSection(ProjectConfigurationPlatforms) = postSolution
		{077CC5FB-7003-415B-8686-D68269F8C902}.Debug|Any CPU.ActiveCfg = Debug|Any CPU
		{077CC5FB-7003-415B-8686-D68269F8C902}.Debug|Any CPU.Build.0 = Debug|Any CPU
		{077CC5FB-7003-415B-8686-D68269F8C902}.Release|Any CPU.ActiveCfg = Release|Any CPU
		{077CC5FB-7003-415B-8686-D68269F8C902}.Release|Any CPU.Build.0 = Release|Any CPU
		{F6C58C9F-ABDF-4194-A14B-9F5428C18115}.Debug|Any CPU.ActiveCfg = Debug|Any CPU
		{F6C58C9F-ABDF-4194-A14B-9F5428C18115}.Debug|Any CPU.Build.0 = Debug|Any CPU
		{F6C58C9F-ABDF-4194-A14B-9F5428C18115}.Release|Any CPU.ActiveCfg = Release|Any CPU
		{F6C58C9F-ABDF-4194-A14B-9F5428C18115}.Release|Any CPU.Build.0 = Release|Any CPU
		{B828BCAA-D0A2-466F-918C-6DDE21A5842A}.Debug|Any CPU.ActiveCfg = Debug|Any CPU
		{B828BCAA-D0A2-466F-918C-6DDE21A5842A}.Debug|Any CPU.Build.0 = Debug|Any CPU
		{B828BCAA-D0A2-466F-918C-6DDE21A5842A}.Release|Any CPU.ActiveCfg = Release|Any CPU
		{B828BCAA-D0A2-466F-918C-6DDE21A5842A}.Release|Any CPU.Build.0 = Release|Any CPU
	EndGlobalSection
	GlobalSection(SolutionProperties) = preSolution
		HideSolutionNode = FALSE
	EndGlobalSection
EndGlobal
